
Microsoft Visual Studio Solution File, Format Version 12.00
# Visual Studio Version 16
VisualStudioVersion = 16.0.30907.101
MinimumVisualStudioVersion = 10.0.40219.1
Project("{9A19103F-16F7-4668-BE54-9A1E7A4F7556}") = "WitchesHat.Api", "Api\WitchesHat.Api\WitchesHat.Api.csproj", "{E4929C44-736F-4091-830C-89916FB58024}"
EndProject
Project("{9A19103F-16F7-4668-BE54-9A1E7A4F7556}") = "WitchesHat.Domain", "Api\WitchesHat.Domain\WitchesHat.Domain.csproj", "{685D91B8-ED30-4C81-B9E9-FF4801E97C4F}"
EndProject
Project("{9A19103F-16F7-4668-BE54-9A1E7A4F7556}") = "WitchesHat.Tests", "Api\WitchesHat.Tests\WitchesHat.Tests.csproj", "{953FD6B4-1163-4C6A-B242-310094A4BF78}"
EndProject
Project("{FAE04EC0-301F-11D3-BF4B-00C04F79EFBC}") = "WitchesHat.Data", "Api\WitchesHat.Data\WitchesHat.Data.csproj", "{9038AA85-FD48-4C2C-AE89-D9786A57D0D2}"
EndProject
Global
	GlobalSection(SolutionConfigurationPlatforms) = preSolution
		Debug|Any CPU = Debug|Any CPU
		Release|Any CPU = Release|Any CPU
	EndGlobalSection
	GlobalSection(ProjectConfigurationPlatforms) = postSolution
		{E4929C44-736F-4091-830C-89916FB58024}.Debug|Any CPU.ActiveCfg = Debug|Any CPU
		{E4929C44-736F-4091-830C-89916FB58024}.Debug|Any CPU.Build.0 = Debug|Any CPU
		{E4929C44-736F-4091-830C-89916FB58024}.Release|Any CPU.ActiveCfg = Release|Any CPU
		{E4929C44-736F-4091-830C-89916FB58024}.Release|Any CPU.Build.0 = Release|Any CPU
		{685D91B8-ED30-4C81-B9E9-FF4801E97C4F}.Debug|Any CPU.ActiveCfg = Debug|Any CPU
		{685D91B8-ED30-4C81-B9E9-FF4801E97C4F}.Debug|Any CPU.Build.0 = Debug|Any CPU
		{685D91B8-ED30-4C81-B9E9-FF4801E97C4F}.Release|Any CPU.ActiveCfg = Release|Any CPU
		{685D91B8-ED30-4C81-B9E9-FF4801E97C4F}.Release|Any CPU.Build.0 = Release|Any CPU
		{953FD6B4-1163-4C6A-B242-310094A4BF78}.Debug|Any CPU.ActiveCfg = Debug|Any CPU
		{953FD6B4-1163-4C6A-B242-310094A4BF78}.Debug|Any CPU.Build.0 = Debug|Any CPU
		{953FD6B4-1163-4C6A-B242-310094A4BF78}.Release|Any CPU.ActiveCfg = Release|Any CPU
		{953FD6B4-1163-4C6A-B242-310094A4BF78}.Release|Any CPU.Build.0 = Release|Any CPU
		{9038AA85-FD48-4C2C-AE89-D9786A57D0D2}.Debug|Any CPU.ActiveCfg = Debug|Any CPU
		{9038AA85-FD48-4C2C-AE89-D9786A57D0D2}.Debug|Any CPU.Build.0 = Debug|Any CPU
		{9038AA85-FD48-4C2C-AE89-D9786A57D0D2}.Release|Any CPU.ActiveCfg = Release|Any CPU
		{9038AA85-FD48-4C2C-AE89-D9786A57D0D2}.Release|Any CPU.Build.0 = Release|Any CPU
	EndGlobalSection
	GlobalSection(SolutionProperties) = preSolution
		HideSolutionNode = FALSE
	EndGlobalSection
	GlobalSection(ExtensibilityGlobals) = postSolution
		SolutionGuid = {E3DDE4A9-91F1-4A70-B509-9C49EDF40D46}
	EndGlobalSection
EndGlobal
